
Microsoft Visual Studio Solution File, Format Version 12.00
# Visual Studio Version 17
VisualStudioVersion = 17.10.35122.118
MinimumVisualStudioVersion = 10.0.40219.1
Project("{FAE04EC0-301F-11D3-BF4B-00C04F79EFBC}") = "aspnet_backend", "aspnet_backend\aspnet_backend.csproj", "{4EEC8222-CDA5-4607-B8E3-1B4FD59328BB}"
EndProject
Global
	GlobalSection(SolutionConfigurationPlatforms) = preSolution
		Debug|Any CPU = Debug|Any CPU
		Release|Any CPU = Release|Any CPU
	EndGlobalSection
	GlobalSection(ProjectConfigurationPlatforms) = postSolution
		{4EEC8222-CDA5-4607-B8E3-1B4FD59328BB}.Debug|Any CPU.ActiveCfg = Debug|Any CPU
		{4EEC8222-CDA5-4607-B8E3-1B4FD59328BB}.Debug|Any CPU.Build.0 = Debug|Any CPU
		{4EEC8222-CDA5-4607-B8E3-1B4FD59328BB}.Release|Any CPU.ActiveCfg = Release|Any CPU
		{4EEC8222-CDA5-4607-B8E3-1B4FD59328BB}.Release|Any CPU.Build.0 = Release|Any CPU
	EndGlobalSection
	GlobalSection(SolutionProperties) = preSolution
		HideSolutionNode = FALSE
	EndGlobalSection
	GlobalSection(ExtensibilityGlobals) = postSolution
		SolutionGuid = {02CD4826-05D1-423F-801A-94CFAB7EB164}
	EndGlobalSection
EndGlobal
